Microsoft Visual Studio Solution File, Format Version 12.00
# Visual Studio Version 17
VisualStudioVersion = 17.12.35527.113
MinimumVisualStudioVersion = 10.0.40219.1
Project("{FAE04EC0-301F-11D3-BF4B-00C04F79EFBC}") = "InstagramClone.AppHost", "InstagramClone.AppHost\InstagramClone.AppHost.csproj", "{A5DB59DA-4052-4D0D-8522-C68C0D4A656F}"
EndProject
Project("{FAE04EC0-301F-11D3-BF4B-00C04F79EFBC}") = "InstagramClone.ServiceDefaults", "InstagramClone.ServiceDefaults\InstagramClone.ServiceDefaults.csproj", "{19D0C1A8-F1CF-4EB7-952B-A847FE1CF605}"
EndProject
Project("{FAE04EC0-301F-11D3-BF4B-00C04F79EFBC}") = "InstagramClone.Api", "InstagramClone.Api\InstagramClone.Api.csproj", "{1BEE78AB-475A-4BB0-9985-405D1CD6ABC2}"
EndProject
Project("{FAE04EC0-301F-11D3-BF4B-00C04F79EFBC}") = "InstagramClone.DataSeeding", "InstagramClone.DataSeeding\InstagramClone.DataSeeding.csproj", "{B338F1CD-4BA1-4C28-BC5B-C279F161E0E7}"
EndProject
Global
	GlobalSection(SolutionConfigurationPlatforms) = preSolution
		Debug|Any CPU = Debug|Any CPU
		Release|Any CPU = Release|Any CPU
	EndGlobalSection
	GlobalSection(ProjectConfigurationPlatforms) = postSolution
		{A5DB59DA-4052-4D0D-8522-C68C0D4A656F}.Debug|Any CPU.ActiveCfg = Debug|Any CPU
		{A5DB59DA-4052-4D0D-8522-C68C0D4A656F}.Debug|Any CPU.Build.0 = Debug|Any CPU
		{A5DB59DA-4052-4D0D-8522-C68C0D4A656F}.Release|Any CPU.ActiveCfg = Release|Any CPU
		{A5DB59DA-4052-4D0D-8522-C68C0D4A656F}.Release|Any CPU.Build.0 = Release|Any CPU
		{19D0C1A8-F1CF-4EB7-952B-A847FE1CF605}.Debug|Any CPU.ActiveCfg = Debug|Any CPU
		{19D0C1A8-F1CF-4EB7-952B-A847FE1CF605}.Debug|Any CPU.Build.0 = Debug|Any CPU
		{19D0C1A8-F1CF-4EB7-952B-A847FE1CF605}.Release|Any CPU.ActiveCfg = Release|Any CPU
		{19D0C1A8-F1CF-4EB7-952B-A847FE1CF605}.Release|Any CPU.Build.0 = Release|Any CPU
		{1BEE78AB-475A-4BB0-9985-405D1CD6ABC2}.Debug|Any CPU.ActiveCfg = Debug|Any CPU
		{1BEE78AB-475A-4BB0-9985-405D1CD6ABC2}.Debug|Any CPU.Build.0 = Debug|Any CPU
		{1BEE78AB-475A-4BB0-9985-405D1CD6ABC2}.Release|Any CPU.ActiveCfg = Release|Any CPU
		{1BEE78AB-475A-4BB0-9985-405D1CD6ABC2}.Release|Any CPU.Build.0 = Release|Any CPU
		{B338F1CD-4BA1-4C28-BC5B-C279F161E0E7}.Debug|Any CPU.ActiveCfg = Debug|Any CPU
		{B338F1CD-4BA1-4C28-BC5B-C279F161E0E7}.Debug|Any CPU.Build.0 = Debug|Any CPU
		{B338F1CD-4BA1-4C28-BC5B-C279F161E0E7}.Release|Any CPU.ActiveCfg = Release|Any CPU
		{B338F1CD-4BA1-4C28-BC5B-C279F161E0E7}.Release|Any CPU.Build.0 = Release|Any CPU
	EndGlobalSection
	GlobalSection(SolutionProperties) = preSolution
		HideSolutionNode = FALSE
	EndGlobalSection
EndGlobal
